
Microsoft Visual Studio Solution File, Format Version 12.00
# Visual Studio Version 17
VisualStudioVersion = 17.0.32014.148
MinimumVisualStudioVersion = 10.0.40219.1
Project("{FAE04EC0-301F-11D3-BF4B-00C04F79EFBC}") = "Autopilot", "Autopilot.csproj", "{1FE2F953-C9AD-41D1-A5BA-9E9C7D44DD68}"
EndProject
Global
	GlobalSection(SolutionConfigurationPlatforms) = preSolution
		Debug|Any CPU = Debug|Any CPU
		Release|Any CPU = Release|Any CPU
	EndGlobalSection
	GlobalSection(ProjectConfigurationPlatforms) = postSolution
		{1FE2F953-C9AD-41D1-A5BA-9E9C7D44DD68}.Debug|Any CPU.ActiveCfg = Debug|Any CPU
		{1FE2F953-C9AD-41D1-A5BA-9E9C7D44DD68}.Debug|Any CPU.Build.0 = Debug|Any CPU
		{1FE2F953-C9AD-41D1-A5BA-9E9C7D44DD68}.Release|Any CPU.ActiveCfg = Release|Any CPU
		{1FE2F953-C9AD-41D1-A5BA-9E9C7D44DD68}.Release|Any CPU.Build.0 = Release|Any CPU
	EndGlobalSection
	GlobalSection(SolutionProperties) = preSolution
		HideSolutionNode = FALSE
	EndGlobalSection
	GlobalSection(ExtensibilityGlobals) = postSolution
		SolutionGuid = {E461A54F-6735-4043-A8ED-646506AB1DB7}
	EndGlobalSection
EndGlobal
